{
  "pins" : [
    {
      "identity" : "dlkit",
      "kind" : "remoteSourceControl",
      "location" : "https://github.com/johnno1962/DLKit",
      "state" : {
        "revision" : "997da8155b2b176376727c1296f3816e25bf3451",
        "version" : "3.5.5"
      }
    },
    {
      "identity" : "fishhook",
      "kind" : "remoteSourceControl",
      "location" : "https://github.com/johnno1962/fishhook",
      "state" : {
        "revision" : "2506520d827ff3f8b5fec800797e10f9b6ef92f5",
        "version" : "1.2.1"
      }
    },
    {
      "identity" : "injectionlite",
      "kind" : "remoteSourceControl",
      "location" : "https://github.com/johnno1962/InjectionLite",
      "state" : {
        "revision" : "49ef136d023009f7f8e0adb6eeb4cd8da0369aec",
        "version" : "1.2.16"
      }
    },
    {
      "identity" : "popen",
      "kind" : "remoteSourceControl",
      "location" : "https://github.com/johnno1962/Popen",
      "state" : {
        "revision" : "095a0ddb2db96df84a3296fdb19a8f573a559257",
        "version" : "2.1.9"
      }
    },
    {
      "identity" : "swiftregex5",
      "kind" : "remoteSourceControl",
      "location" : "https://github.com/johnno1962/SwiftRegex5",
      "state" : {
        "revision" : "60fde2e2e3b691abb35ba4b67e3f0adc82f6d1f5",
        "version" : "6.1.3"
      }
    }
  ],
  "version" : 2
}
